[[projects]]
  digest = "1:945fd3f74b35e13f1f61883be160692d81ab0c168c812771c2e44ed9c12f9ae3"
  name = "github.com/tendermint/tendermint"
  packages = [
    "abci/client",
    "abci/example/code",
    "abci/example/kvstore",
    "abci/server",
    "abci/types",
    "blockchain",
    "cmd/tendermint/commands",
    "config",
    "consensus",
    "consensus/types",
    "crypto",
    "crypto/armor",
    "crypto/ed25519",
    "crypto/encoding/amino",
    "crypto/merkle",
    "crypto/multisig",
    "crypto/multisig/bitarray",
    "crypto/secp256k1",
    "crypto/tmhash",
    "crypto/xsalsa20symmetric",
    "evidence",
    "libs/autofile",
    "libs/bech32",
    "libs/cli",
    "libs/cli/flags",
    "libs/clist",
    "libs/common",
    "libs/db",
    "libs/errors",
    "libs/events",
    "libs/fail",
    "libs/flowrate",
    "libs/log",
    "libs/pubsub",
    "libs/pubsub/query",
    "lite",
    "lite/client",
    "lite/errors",
    "lite/proxy",
    "mempool",
    "node",
    "p2p",
    "p2p/conn",
    "p2p/pex",
    "p2p/upnp",
    "privval",
    "proxy",
    "rpc/client",
    "rpc/core",
    "rpc/core/types",
    "rpc/grpc",
    "rpc/lib/client",
    "rpc/lib/server",
    "rpc/lib/types",
    "state",
    "state/txindex",
    "state/txindex/kv",
    "state/txindex/null",
    "types",
    "types/time",
    "version",
  ]
  pruneopts = "UT"
  revision = "650b6ddd80d00b193b3ba47a87800e72f12dd619"
  source = "https://github.com/irisnet/tendermint.git"
  version = "v0.26.1-rc0-iris"

[[projects]]
  digest = "1:52525f9097557d9dccdfe67e800a8e37837fdbbf0eb74ae809e6e4cbafbae08a"
  name = "github.com/cosmos/cosmos-sdk"
  packages = [
    "baseapp",
    "client",
    "client/context",
    "client/keys",
    "client/utils",
    "codec",
    "crypto",
    "crypto/keys",
    "crypto/keys/hd",
    "crypto/keys/keyerror",
    "crypto/keys/mintkey",
    "server",
    "server/config",
    "store",
    "types",
    "version",
    "x/auth",
    "x/auth/client/cli",
    "x/auth/client/txbuilder",
    "x/bank",
    "x/distribution",
    "x/distribution/keeper",
    "x/distribution/tags",
    "x/distribution/types",
    "x/mint",
    "x/params",
    "x/params/subspace",
    "x/slashing",
    "x/stake",
    "x/stake/keeper",
    "x/stake/querier",
    "x/stake/tags",
    "x/stake/types",
  ]
  pruneopts = "UT"
  revision = "c9d5ede3272b9285b030c4fef92c0209e80d28bf"
  source = "https://github.com/irisnet/cosmos-sdk.git"
  version = "v0.26.0-iris0.7.0"

[[projects]]
  digest = "1:c0e7d8ecac4178bdf242ce42c6d3b34e8723c2c215b50a939daacc5188be46cc"
  name = "github.com/irisnet/irishub"
  packages = [
    "app",
    "baseapp",
    "client",
    "client/bank",
    "client/bank/cli",
    "client/context",
    "client/keys",
    "client/stake",
    "client/stake/cli",
    "client/utils",
    "init",
    "iparam",
    "modules/gov",
    "modules/gov/params",
    "modules/gov/tags",
    "modules/record",
    "modules/record/tags",
    "modules/service",
    "modules/service/params",
    "modules/service/tags",
    "modules/upgrade",
    "modules/upgrade/params",
    "simulation/mock",
    "tools/protoidl",
    "types",
    "version",
  ]
  pruneopts = "UT"
  revision = "911b5a46e660336b93fad51b7ba64af80bece1db"
  version = "v0.7.0"

[[projects]]
  digest = "1:ed615c5430ecabbb0fb7629a182da65ecee6523900ac1ac932520860878ffcad"
  name = "github.com/robfig/cron"
  packages = ["."]
  pruneopts = "UT"
  revision = "b41be1df696709bb6395fe435af20370037c0b4c"
  version = "v1.1"

[solve-meta]
  analyzer-name = "dep"
  analyzer-version = 1
  input-imports = [
    "github.com/cosmos/cosmos-sdk/client/keys",
    "github.com/cosmos/cosmos-sdk/types",
    "github.com/irisnet/irishub/app",
    "github.com/irisnet/irishub/client/bank",
    "github.com/irisnet/irishub/init",
    "github.com/robfig/cron",
    "github.com/spf13/viper",
    "github.com/tendermint/tendermint/rpc/core/types",
  ]
  solver-name = "gps-cdcl"
  solver-version = 1